
Microsoft Visual Studio Solution File, Format Version 12.00
# Visual Studio Version 16
VisualStudioVersion = 16.0.31624.102
MinimumVisualStudioVersion = 10.0.40219.1
Project("{FAE04EC0-301F-11D3-BF4B-00C04F79EFBC}") = "VaxCheckNS.Mobile.Android", "VaxCheckNS.Mobile\VaxCheckNS.Mobile.Android\VaxCheckNS.Mobile.Android.csproj", "{C970B031-EDC7-414B-91B0-9CC68C5DF625}"
EndProject
Project("{FAE04EC0-301F-11D3-BF4B-00C04F79EFBC}") = "VaxCheckNS.Mobile.iOS", "VaxCheckNS.Mobile\VaxCheckNS.Mobile.iOS\VaxCheckNS.Mobile.iOS.csproj", "{4DA03629-B4D2-42B8-8929-312006375B4F}"
EndProject
Project("{9A19103F-16F7-4668-BE54-9A1E7A4F7556}") = "VaxCheckNS.Mobile", "VaxCheckNS.Mobile\VaxCheckNS.Mobile\VaxCheckNS.Mobile.csproj", "{B6CF8822-F092-49E2-A32E-CD939EF88892}"
EndProject
Project("{9A19103F-16F7-4668-BE54-9A1E7A4F7556}") = "VaxCheckNS.Decode", "VaxCheckNS.Decode\VaxCheckNS.Decode.csproj", "{5EF82DC4-25A8-4434-AD02-BD77F861BF34}"
EndProject
Project("{9A19103F-16F7-4668-BE54-9A1E7A4F7556}") = "VaxCheckNS.Decode.Tests", "VaxCheckNS.Decode.Tests\VaxCheckNS.Decode.Tests.csproj", "{7414F268-C502-4BA5-A1CC-5F2A4AAFA7DF}"
EndProject
Project("{9A19103F-16F7-4668-BE54-9A1E7A4F7556}") = "VaxCheckNS.Token", "VaxCheckNS.Token\VaxCheckNS.Token.csproj", "{AA7E70A2-93F6-4346-8C03-74FFF6BE5929}"
EndProject
Project("{9A19103F-16F7-4668-BE54-9A1E7A4F7556}") = "VaxCheckNS.Token.Tests", "VaxCheckNS.Token.Tests\VaxCheckNS.Token.Tests.csproj", "{E29D9546-02B5-4833-9843-317083DEEC1D}"
EndProject
Project("{2150E333-8FDC-42A3-9474-1A3956D46DE8}") = "Decode", "Decode", "{4C6C8482-2018-4327-A180-5BC417B005C3}"
EndProject
Project("{2150E333-8FDC-42A3-9474-1A3956D46DE8}") = "Token", "Token", "{099340F2-7B97-4247-83F3-4EAB1767A47A}"
EndProject
Project("{2150E333-8FDC-42A3-9474-1A3956D46DE8}") = "Rules", "Rules", "{88F877D2-3091-4BE9-8DC4-B441A27310A1}"
EndProject
Project("{9A19103F-16F7-4668-BE54-9A1E7A4F7556}") = "VaxCheckNS.Rules", "VaxCheckNS.Rules\VaxCheckNS.Rules.csproj", "{15D2874A-1192-44F7-B6AC-DCFE3A1FD16A}"
EndProject
Project("{9A19103F-16F7-4668-BE54-9A1E7A4F7556}") = "VaxCheckNS.Rules.Tests", "VaxCheckNS.Rules.Tests\VaxCheckNS.Rules.Tests.csproj", "{641A4569-50AA-4B8A-9189-1AB7703A78F5}"
EndProject
Project("{9A19103F-16F7-4668-BE54-9A1E7A4F7556}") = "VaxCheckNS.Rules.NS", "VaxCheckNS.Rules.NS\VaxCheckNS.Rules.NS.csproj", "{00388F58-C236-433A-AF71-F614A7492BE9}"
EndProject
Project("{9A19103F-16F7-4668-BE54-9A1E7A4F7556}") = "VaxCheckNS.Rules.NS.Tests", "VaxCheckNS.Rules.NS.Tests\VaxCheckNS.Rules.NS.Tests.csproj", "{9715C664-DCEB-4D39-9485-288B9FE428FD}"
EndProject
Project("{2150E333-8FDC-42A3-9474-1A3956D46DE8}") = "Rules.NS", "Rules.NS", "{D77C0ABD-2C9D-4AF6-BB4B-FA01927D6E18}"
EndProject
Project("{FAE04EC0-301F-11D3-BF4B-00C04F79EFBC}") = "VaxCheckNS.Mobile.UITests", "VaxCheckNS.Mobile.UITests\VaxCheckNS.Mobile.UITests.csproj", "{3367B909-9FA4-4EB3-AE93-6C85B5112C00}"
EndProject
Global
	GlobalSection(SolutionConfigurationPlatforms) = preSolution
		Debug|Any CPU = Debug|Any CPU
		Debug|iPhone = Debug|iPhone
		Debug|iPhoneSimulator = Debug|iPhoneSimulator
		Release|Any CPU = Release|Any CPU
		Release|iPhone = Release|iPhone
		Release|iPhoneSimulator = Release|iPhoneSimulator
		Test|Any CPU = Test|Any CPU
		Test|iPhone = Test|iPhone
		Test|iPhoneSimulator = Test|iPhoneSimulator
	EndGlobalSection
	GlobalSection(ProjectConfigurationPlatforms) = postSolution
		{C970B031-EDC7-414B-91B0-9CC68C5DF625}.Debug|Any CPU.ActiveCfg = Debug|Any CPU
		{C970B031-EDC7-414B-91B0-9CC68C5DF625}.Debug|Any CPU.Build.0 = Debug|Any CPU
		{C970B031-EDC7-414B-91B0-9CC68C5DF625}.Debug|Any CPU.Deploy.0 = Debug|Any CPU
		{C970B031-EDC7-414B-91B0-9CC68C5DF625}.Debug|iPhone.ActiveCfg = Debug|Any CPU
		{C970B031-EDC7-414B-91B0-9CC68C5DF625}.Debug|iPhone.Build.0 = Debug|Any CPU
		{C970B031-EDC7-414B-91B0-9CC68C5DF625}.Debug|iPhone.Deploy.0 = Debug|Any CPU
		{C970B031-EDC7-414B-91B0-9CC68C5DF625}.Debug|iPhoneSimulator.ActiveCfg = Debug|Any CPU
		{C970B031-EDC7-414B-91B0-9CC68C5DF625}.Debug|iPhoneSimulator.Build.0 = Debug|Any CPU
		{C970B031-EDC7-414B-91B0-9CC68C5DF625}.Debug|iPhoneSimulator.Deploy.0 = Debug|Any CPU
		{C970B031-EDC7-414B-91B0-9CC68C5DF625}.Release|Any CPU.ActiveCfg = Release|Any CPU
		{C970B031-EDC7-414B-91B0-9CC68C5DF625}.Release|Any CPU.Build.0 = Release|Any CPU
		{C970B031-EDC7-414B-91B0-9CC68C5DF625}.Release|Any CPU.Deploy.0 = Release|Any CPU
		{C970B031-EDC7-414B-91B0-9CC68C5DF625}.Release|iPhone.ActiveCfg = Release|Any CPU
		{C970B031-EDC7-414B-91B0-9CC68C5DF625}.Release|iPhone.Build.0 = Release|Any CPU
		{C970B031-EDC7-414B-91B0-9CC68C5DF625}.Release|iPhone.Deploy.0 = Release|Any CPU
		{C970B031-EDC7-414B-91B0-9CC68C5DF625}.Release|iPhoneSimulator.ActiveCfg = Release|Any CPU
		{C970B031-EDC7-414B-91B0-9CC68C5DF625}.Release|iPhoneSimulator.Build.0 = Release|Any CPU
		{C970B031-EDC7-414B-91B0-9CC68C5DF625}.Release|iPhoneSimulator.Deploy.0 = Release|Any CPU
		{C970B031-EDC7-414B-91B0-9CC68C5DF625}.Test|Any CPU.ActiveCfg = Test|Any CPU
		{C970B031-EDC7-414B-91B0-9CC68C5DF625}.Test|Any CPU.Build.0 = Test|Any CPU
		{C970B031-EDC7-414B-91B0-9CC68C5DF625}.Test|Any CPU.Deploy.0 = Test|Any CPU
		{C970B031-EDC7-414B-91B0-9CC68C5DF625}.Test|iPhone.ActiveCfg = Test|Any CPU
		{C970B031-EDC7-414B-91B0-9CC68C5DF625}.Test|iPhone.Build.0 = Test|Any CPU
		{C970B031-EDC7-414B-91B0-9CC68C5DF625}.Test|iPhone.Deploy.0 = Test|Any CPU
		{C970B031-EDC7-414B-91B0-9CC68C5DF625}.Test|iPhoneSimulator.ActiveCfg = Test|Any CPU
		{C970B031-EDC7-414B-91B0-9CC68C5DF625}.Test|iPhoneSimulator.Build.0 = Test|Any CPU
		{C970B031-EDC7-414B-91B0-9CC68C5DF625}.Test|iPhoneSimulator.Deploy.0 = Test|Any CPU
		{4DA03629-B4D2-42B8-8929-312006375B4F}.Debug|Any CPU.ActiveCfg = Debug|iPhone
		{4DA03629-B4D2-42B8-8929-312006375B4F}.Debug|Any CPU.Build.0 = Debug|iPhone
		{4DA03629-B4D2-42B8-8929-312006375B4F}.Debug|Any CPU.Deploy.0 = Debug|iPhone
		{4DA03629-B4D2-42B8-8929-312006375B4F}.Debug|iPhone.ActiveCfg = Debug|iPhone
		{4DA03629-B4D2-42B8-8929-312006375B4F}.Debug|iPhone.Build.0 = Debug|iPhone
		{4DA03629-B4D2-42B8-8929-312006375B4F}.Debug|iPhone.Deploy.0 = Debug|iPhone
		{4DA03629-B4D2-42B8-8929-312006375B4F}.Debug|iPhoneSimulator.ActiveCfg = Debug|iPhoneSimulator
		{4DA03629-B4D2-42B8-8929-312006375B4F}.Debug|iPhoneSimulator.Build.0 = Debug|iPhoneSimulator
		{4DA03629-B4D2-42B8-8929-312006375B4F}.Debug|iPhoneSimulator.Deploy.0 = Debug|iPhoneSimulator
		{4DA03629-B4D2-42B8-8929-312006375B4F}.Release|Any CPU.ActiveCfg = Release|iPhoneSimulator
		{4DA03629-B4D2-42B8-8929-312006375B4F}.Release|Any CPU.Build.0 = Release|iPhoneSimulator
		{4DA03629-B4D2-42B8-8929-312006375B4F}.Release|Any CPU.Deploy.0 = Release|iPhoneSimulator
		{4DA03629-B4D2-42B8-8929-312006375B4F}.Release|iPhone.ActiveCfg = Release|iPhone
		{4DA03629-B4D2-42B8-8929-312006375B4F}.Release|iPhone.Build.0 = Release|iPhone
		{4DA03629-B4D2-42B8-8929-312006375B4F}.Release|iPhone.Deploy.0 = Release|iPhone
		{4DA03629-B4D2-42B8-8929-312006375B4F}.Release|iPhoneSimulator.ActiveCfg = Release|iPhoneSimulator
		{4DA03629-B4D2-42B8-8929-312006375B4F}.Release|iPhoneSimulator.Build.0 = Release|iPhoneSimulator
		{4DA03629-B4D2-42B8-8929-312006375B4F}.Release|iPhoneSimulator.Deploy.0 = Release|iPhoneSimulator
		{4DA03629-B4D2-42B8-8929-312006375B4F}.Test|Any CPU.ActiveCfg = Test|iPhoneSimulator
		{4DA03629-B4D2-42B8-8929-312006375B4F}.Test|Any CPU.Build.0 = Test|iPhoneSimulator
		{4DA03629-B4D2-42B8-8929-312006375B4F}.Test|iPhone.ActiveCfg = Test|iPhone
		{4DA03629-B4D2-42B8-8929-312006375B4F}.Test|iPhone.Build.0 = Test|iPhone
		{4DA03629-B4D2-42B8-8929-312006375B4F}.Test|iPhoneSimulator.ActiveCfg = Test|iPhoneSimulator
		{4DA03629-B4D2-42B8-8929-312006375B4F}.Test|iPhoneSimulator.Build.0 = Test|iPhoneSimulator
		{B6CF8822-F092-49E2-A32E-CD939EF88892}.Debug|Any CPU.ActiveCfg = Debug|Any CPU
		{B6CF8822-F092-49E2-A32E-CD939EF88892}.Debug|Any CPU.Build.0 = Debug|Any CPU
		{B6CF8822-F092-49E2-A32E-CD939EF88892}.Debug|Any CPU.Deploy.0 = Debug|Any CPU
		{B6CF8822-F092-49E2-A32E-CD939EF88892}.Debug|iPhone.ActiveCfg = Debug|Any CPU
		{B6CF8822-F092-49E2-A32E-CD939EF88892}.Debug|iPhone.Build.0 = Debug|Any CPU
		{B6CF8822-F092-49E2-A32E-CD939EF88892}.Debug|iPhone.Deploy.0 = Debug|Any CPU
		{B6CF8822-F092-49E2-A32E-CD939EF88892}.Debug|iPhoneSimulator.ActiveCfg = Debug|Any CPU
		{B6CF8822-F092-49E2-A32E-CD939EF88892}.Debug|iPhoneSimulator.Build.0 = Debug|Any CPU
		{B6CF8822-F092-49E2-A32E-CD939EF88892}.Debug|iPhoneSimulator.Deploy.0 = Debug|Any CPU
		{B6CF8822-F092-49E2-A32E-CD939EF88892}.Release|Any CPU.ActiveCfg = Release|Any CPU
		{B6CF8822-F092-49E2-A32E-CD939EF88892}.Release|Any CPU.Build.0 = Release|Any CPU
		{B6CF8822-F092-49E2-A32E-CD939EF88892}.Release|Any CPU.Deploy.0 = Release|Any CPU
		{B6CF8822-F092-49E2-A32E-CD939EF88892}.Release|iPhone.ActiveCfg = Release|Any CPU
		{B6CF8822-F092-49E2-A32E-CD939EF88892}.Release|iPhone.Build.0 = Release|Any CPU
		{B6CF8822-F092-49E2-A32E-CD939EF88892}.Release|iPhone.Deploy.0 = Release|Any CPU
		{B6CF8822-F092-49E2-A32E-CD939EF88892}.Release|iPhoneSimulator.ActiveCfg = Release|Any CPU
		{B6CF8822-F092-49E2-A32E-CD939EF88892}.Release|iPhoneSimulator.Build.0 = Release|Any CPU
		{B6CF8822-F092-49E2-A32E-CD939EF88892}.Release|iPhoneSimulator.Deploy.0 = Release|Any CPU
		{B6CF8822-F092-49E2-A32E-CD939EF88892}.Test|Any CPU.ActiveCfg = Test|Any CPU
		{B6CF8822-F092-49E2-A32E-CD939EF88892}.Test|Any CPU.Build.0 = Test|Any CPU
		{B6CF8822-F092-49E2-A32E-CD939EF88892}.Test|iPhone.ActiveCfg = Test|Any CPU
		{B6CF8822-F092-49E2-A32E-CD939EF88892}.Test|iPhone.Build.0 = Test|Any CPU
		{B6CF8822-F092-49E2-A32E-CD939EF88892}.Test|iPhoneSimulator.ActiveCfg = Test|Any CPU
		{B6CF8822-F092-49E2-A32E-CD939EF88892}.Test|iPhoneSimulator.Build.0 = Test|Any CPU
		{5EF82DC4-25A8-4434-AD02-BD77F861BF34}.Debug|Any CPU.ActiveCfg = Debug|Any CPU
		{5EF82DC4-25A8-4434-AD02-BD77F861BF34}.Debug|Any CPU.Build.0 = Debug|Any CPU
		{5EF82DC4-25A8-4434-AD02-BD77F861BF34}.Debug|iPhone.ActiveCfg = Debug|Any CPU
		{5EF82DC4-25A8-4434-AD02-BD77F861BF34}.Debug|iPhone.Build.0 = Debug|Any CPU
		{5EF82DC4-25A8-4434-AD02-BD77F861BF34}.Debug|iPhoneSimulator.ActiveCfg = Debug|Any CPU
		{5EF82DC4-25A8-4434-AD02-BD77F861BF34}.Debug|iPhoneSimulator.Build.0 = Debug|Any CPU
		{5EF82DC4-25A8-4434-AD02-BD77F861BF34}.Release|Any CPU.ActiveCfg = Release|Any CPU
		{5EF82DC4-25A8-4434-AD02-BD77F861BF34}.Release|Any CPU.Build.0 = Release|Any CPU
		{5EF82DC4-25A8-4434-AD02-BD77F861BF34}.Release|iPhone.ActiveCfg = Release|Any CPU
		{5EF82DC4-25A8-4434-AD02-BD77F861BF34}.Release|iPhone.Build.0 = Release|Any CPU
		{5EF82DC4-25A8-4434-AD02-BD77F861BF34}.Release|iPhoneSimulator.ActiveCfg = Release|Any CPU
		{5EF82DC4-25A8-4434-AD02-BD77F861BF34}.Release|iPhoneSimulator.Build.0 = Release|Any CPU
		{5EF82DC4-25A8-4434-AD02-BD77F861BF34}.Test|Any CPU.ActiveCfg = Test|Any CPU
		{5EF82DC4-25A8-4434-AD02-BD77F861BF34}.Test|Any CPU.Build.0 = Test|Any CPU
		{5EF82DC4-25A8-4434-AD02-BD77F861BF34}.Test|iPhone.ActiveCfg = Test|Any CPU
		{5EF82DC4-25A8-4434-AD02-BD77F861BF34}.Test|iPhone.Build.0 = Test|Any CPU
		{5EF82DC4-25A8-4434-AD02-BD77F861BF34}.Test|iPhoneSimulator.ActiveCfg = Test|Any CPU
		{5EF82DC4-25A8-4434-AD02-BD77F861BF34}.Test|iPhoneSimulator.Build.0 = Test|Any CPU
		{7414F268-C502-4BA5-A1CC-5F2A4AAFA7DF}.Debug|Any CPU.ActiveCfg = Debug|Any CPU
		{7414F268-C502-4BA5-A1CC-5F2A4AAFA7DF}.Debug|Any CPU.Build.0 = Debug|Any CPU
		{7414F268-C502-4BA5-A1CC-5F2A4AAFA7DF}.Debug|iPhone.ActiveCfg = Debug|Any CPU
		{7414F268-C502-4BA5-A1CC-5F2A4AAFA7DF}.Debug|iPhone.Build.0 = Debug|Any CPU
		{7414F268-C502-4BA5-A1CC-5F2A4AAFA7DF}.Debug|iPhoneSimulator.ActiveCfg = Debug|Any CPU
		{7414F268-C502-4BA5-A1CC-5F2A4AAFA7DF}.Debug|iPhoneSimulator.Build.0 = Debug|Any CPU
		{7414F268-C502-4BA5-A1CC-5F2A4AAFA7DF}.Release|Any CPU.ActiveCfg = Release|Any CPU
		{7414F268-C502-4BA5-A1CC-5F2A4AAFA7DF}.Release|Any CPU.Build.0 = Release|Any CPU
		{7414F268-C502-4BA5-A1CC-5F2A4AAFA7DF}.Release|iPhone.ActiveCfg = Release|Any CPU
		{7414F268-C502-4BA5-A1CC-5F2A4AAFA7DF}.Release|iPhone.Build.0 = Release|Any CPU
		{7414F268-C502-4BA5-A1CC-5F2A4AAFA7DF}.Release|iPhoneSimulator.ActiveCfg = Release|Any CPU
		{7414F268-C502-4BA5-A1CC-5F2A4AAFA7DF}.Release|iPhoneSimulator.Build.0 = Release|Any CPU
		{7414F268-C502-4BA5-A1CC-5F2A4AAFA7DF}.Test|Any CPU.ActiveCfg = Test|Any CPU
		{7414F268-C502-4BA5-A1CC-5F2A4AAFA7DF}.Test|Any CPU.Build.0 = Test|Any CPU
		{7414F268-C502-4BA5-A1CC-5F2A4AAFA7DF}.Test|iPhone.ActiveCfg = Test|Any CPU
		{7414F268-C502-4BA5-A1CC-5F2A4AAFA7DF}.Test|iPhone.Build.0 = Test|Any CPU
		{7414F268-C502-4BA5-A1CC-5F2A4AAFA7DF}.Test|iPhoneSimulator.ActiveCfg = Test|Any CPU
		{7414F268-C502-4BA5-A1CC-5F2A4AAFA7DF}.Test|iPhoneSimulator.Build.0 = Test|Any CPU
		{AA7E70A2-93F6-4346-8C03-74FFF6BE5929}.Debug|Any CPU.ActiveCfg = Debug|Any CPU
		{AA7E70A2-93F6-4346-8C03-74FFF6BE5929}.Debug|Any CPU.Build.0 = Debug|Any CPU
		{AA7E70A2-93F6-4346-8C03-74FFF6BE5929}.Debug|iPhone.ActiveCfg = Debug|Any CPU
		{AA7E70A2-93F6-4346-8C03-74FFF6BE5929}.Debug|iPhone.Build.0 = Debug|Any CPU
		{AA7E70A2-93F6-4346-8C03-74FFF6BE5929}.Debug|iPhoneSimulator.ActiveCfg = Debug|Any CPU
		{AA7E70A2-93F6-4346-8C03-74FFF6BE5929}.Debug|iPhoneSimulator.Build.0 = Debug|Any CPU
		{AA7E70A2-93F6-4346-8C03-74FFF6BE5929}.Release|Any CPU.ActiveCfg = Release|Any CPU
		{AA7E70A2-93F6-4346-8C03-74FFF6BE5929}.Release|Any CPU.Build.0 = Release|Any CPU
		{AA7E70A2-93F6-4346-8C03-74FFF6BE5929}.Release|iPhone.ActiveCfg = Release|Any CPU
		{AA7E70A2-93F6-4346-8C03-74FFF6BE5929}.Release|iPhone.Build.0 = Release|Any CPU
		{AA7E70A2-93F6-4346-8C03-74FFF6BE5929}.Release|iPhoneSimulator.ActiveCfg = Release|Any CPU
		{AA7E70A2-93F6-4346-8C03-74FFF6BE5929}.Release|iPhoneSimulator.Build.0 = Release|Any CPU
		{AA7E70A2-93F6-4346-8C03-74FFF6BE5929}.Test|Any CPU.ActiveCfg = Test|Any CPU
		{AA7E70A2-93F6-4346-8C03-74FFF6BE5929}.Test|Any CPU.Build.0 = Test|Any CPU
		{AA7E70A2-93F6-4346-8C03-74FFF6BE5929}.Test|iPhone.ActiveCfg = Test|Any CPU
		{AA7E70A2-93F6-4346-8C03-74FFF6BE5929}.Test|iPhone.Build.0 = Test|Any CPU
		{AA7E70A2-93F6-4346-8C03-74FFF6BE5929}.Test|iPhoneSimulator.ActiveCfg = Test|Any CPU
		{AA7E70A2-93F6-4346-8C03-74FFF6BE5929}.Test|iPhoneSimulator.Build.0 = Test|Any CPU
		{E29D9546-02B5-4833-9843-317083DEEC1D}.Debug|Any CPU.ActiveCfg = Debug|Any CPU
		{E29D9546-02B5-4833-9843-317083DEEC1D}.Debug|Any CPU.Build.0 = Debug|Any CPU
		{E29D9546-02B5-4833-9843-317083DEEC1D}.Debug|iPhone.ActiveCfg = Debug|Any CPU
		{E29D9546-02B5-4833-9843-317083DEEC1D}.Debug|iPhone.Build.0 = Debug|Any CPU
		{E29D9546-02B5-4833-9843-317083DEEC1D}.Debug|iPhoneSimulator.ActiveCfg = Debug|Any CPU
		{E29D9546-02B5-4833-9843-317083DEEC1D}.Debug|iPhoneSimulator.Build.0 = Debug|Any CPU
		{E29D9546-02B5-4833-9843-317083DEEC1D}.Release|Any CPU.ActiveCfg = Release|Any CPU
		{E29D9546-02B5-4833-9843-317083DEEC1D}.Release|Any CPU.Build.0 = Release|Any CPU
		{E29D9546-02B5-4833-9843-317083DEEC1D}.Release|iPhone.ActiveCfg = Release|Any CPU
		{E29D9546-02B5-4833-9843-317083DEEC1D}.Release|iPhone.Build.0 = Release|Any CPU
		{E29D9546-02B5-4833-9843-317083DEEC1D}.Release|iPhoneSimulator.ActiveCfg = Release|Any CPU
		{E29D9546-02B5-4833-9843-317083DEEC1D}.Release|iPhoneSimulator.Build.0 = Release|Any CPU
		{E29D9546-02B5-4833-9843-317083DEEC1D}.Test|Any CPU.ActiveCfg = Test|Any CPU
		{E29D9546-02B5-4833-9843-317083DEEC1D}.Test|Any CPU.Build.0 = Test|Any CPU
		{E29D9546-02B5-4833-9843-317083DEEC1D}.Test|iPhone.ActiveCfg = Test|Any CPU
		{E29D9546-02B5-4833-9843-317083DEEC1D}.Test|iPhone.Build.0 = Test|Any CPU
		{E29D9546-02B5-4833-9843-317083DEEC1D}.Test|iPhoneSimulator.ActiveCfg = Test|Any CPU
		{E29D9546-02B5-4833-9843-317083DEEC1D}.Test|iPhoneSimulator.Build.0 = Test|Any CPU
		{15D2874A-1192-44F7-B6AC-DCFE3A1FD16A}.Debug|Any CPU.ActiveCfg = Debug|Any CPU
		{15D2874A-1192-44F7-B6AC-DCFE3A1FD16A}.Debug|Any CPU.Build.0 = Debug|Any CPU
		{15D2874A-1192-44F7-B6AC-DCFE3A1FD16A}.Debug|iPhone.ActiveCfg = Debug|Any CPU
		{15D2874A-1192-44F7-B6AC-DCFE3A1FD16A}.Debug|iPhone.Build.0 = Debug|Any CPU
		{15D2874A-1192-44F7-B6AC-DCFE3A1FD16A}.Debug|iPhoneSimulator.ActiveCfg = Debug|Any CPU
		{15D2874A-1192-44F7-B6AC-DCFE3A1FD16A}.Debug|iPhoneSimulator.Build.0 = Debug|Any CPU
		{15D2874A-1192-44F7-B6AC-DCFE3A1FD16A}.Release|Any CPU.ActiveCfg = Release|Any CPU
		{15D2874A-1192-44F7-B6AC-DCFE3A1FD16A}.Release|Any CPU.Build.0 = Release|Any CPU
		{15D2874A-1192-44F7-B6AC-DCFE3A1FD16A}.Release|iPhone.ActiveCfg = Release|Any CPU
		{15D2874A-1192-44F7-B6AC-DCFE3A1FD16A}.Release|iPhone.Build.0 = Release|Any CPU
		{15D2874A-1192-44F7-B6AC-DCFE3A1FD16A}.Release|iPhoneSimulator.ActiveCfg = Release|Any CPU
		{15D2874A-1192-44F7-B6AC-DCFE3A1FD16A}.Release|iPhoneSimulator.Build.0 = Release|Any CPU
		{15D2874A-1192-44F7-B6AC-DCFE3A1FD16A}.Test|Any CPU.ActiveCfg = Test|Any CPU
		{15D2874A-1192-44F7-B6AC-DCFE3A1FD16A}.Test|Any CPU.Build.0 = Test|Any CPU
		{15D2874A-1192-44F7-B6AC-DCFE3A1FD16A}.Test|iPhone.ActiveCfg = Test|Any CPU
		{15D2874A-1192-44F7-B6AC-DCFE3A1FD16A}.Test|iPhone.Build.0 = Test|Any CPU
		{15D2874A-1192-44F7-B6AC-DCFE3A1FD16A}.Test|iPhoneSimulator.ActiveCfg = Test|Any CPU
		{15D2874A-1192-44F7-B6AC-DCFE3A1FD16A}.Test|iPhoneSimulator.Build.0 = Test|Any CPU
		{641A4569-50AA-4B8A-9189-1AB7703A78F5}.Debug|Any CPU.ActiveCfg = Debug|Any CPU
		{641A4569-50AA-4B8A-9189-1AB7703A78F5}.Debug|Any CPU.Build.0 = Debug|Any CPU
		{641A4569-50AA-4B8A-9189-1AB7703A78F5}.Debug|iPhone.ActiveCfg = Debug|Any CPU
		{641A4569-50AA-4B8A-9189-1AB7703A78F5}.Debug|iPhone.Build.0 = Debug|Any CPU
		{641A4569-50AA-4B8A-9189-1AB7703A78F5}.Debug|iPhoneSimulator.ActiveCfg = Debug|Any CPU
		{641A4569-50AA-4B8A-9189-1AB7703A78F5}.Debug|iPhoneSimulator.Build.0 = Debug|Any CPU
		{641A4569-50AA-4B8A-9189-1AB7703A78F5}.Release|Any CPU.ActiveCfg = Release|Any CPU
		{641A4569-50AA-4B8A-9189-1AB7703A78F5}.Release|Any CPU.Build.0 = Release|Any CPU
		{641A4569-50AA-4B8A-9189-1AB7703A78F5}.Release|iPhone.ActiveCfg = Release|Any CPU
		{641A4569-50AA-4B8A-9189-1AB7703A78F5}.Release|iPhone.Build.0 = Release|Any CPU
		{641A4569-50AA-4B8A-9189-1AB7703A78F5}.Release|iPhoneSimulator.ActiveCfg = Release|Any CPU
		{641A4569-50AA-4B8A-9189-1AB7703A78F5}.Release|iPhoneSimulator.Build.0 = Release|Any CPU
		{641A4569-50AA-4B8A-9189-1AB7703A78F5}.Test|Any CPU.ActiveCfg = Test|Any CPU
		{641A4569-50AA-4B8A-9189-1AB7703A78F5}.Test|Any CPU.Build.0 = Test|Any CPU
		{641A4569-50AA-4B8A-9189-1AB7703A78F5}.Test|iPhone.ActiveCfg = Test|Any CPU
		{641A4569-50AA-4B8A-9189-1AB7703A78F5}.Test|iPhone.Build.0 = Test|Any CPU
		{641A4569-50AA-4B8A-9189-1AB7703A78F5}.Test|iPhoneSimulator.ActiveCfg = Test|Any CPU
		{641A4569-50AA-4B8A-9189-1AB7703A78F5}.Test|iPhoneSimulator.Build.0 = Test|Any CPU
		{00388F58-C236-433A-AF71-F614A7492BE9}.Debug|Any CPU.ActiveCfg = Debug|Any CPU
		{00388F58-C236-433A-AF71-F614A7492BE9}.Debug|Any CPU.Build.0 = Debug|Any CPU
		{00388F58-C236-433A-AF71-F614A7492BE9}.Debug|iPhone.ActiveCfg = Debug|Any CPU
		{00388F58-C236-433A-AF71-F614A7492BE9}.Debug|iPhone.Build.0 = Debug|Any CPU
		{00388F58-C236-433A-AF71-F614A7492BE9}.Debug|iPhoneSimulator.ActiveCfg = Debug|Any CPU
		{00388F58-C236-433A-AF71-F614A7492BE9}.Debug|iPhoneSimulator.Build.0 = Debug|Any CPU
		{00388F58-C236-433A-AF71-F614A7492BE9}.Release|Any CPU.ActiveCfg = Release|Any CPU
		{00388F58-C236-433A-AF71-F614A7492BE9}.Release|Any CPU.Build.0 = Release|Any CPU
		{00388F58-C236-433A-AF71-F614A7492BE9}.Release|iPhone.ActiveCfg = Release|Any CPU
		{00388F58-C236-433A-AF71-F614A7492BE9}.Release|iPhone.Build.0 = Release|Any CPU
		{00388F58-C236-433A-AF71-F614A7492BE9}.Release|iPhoneSimulator.ActiveCfg = Release|Any CPU
		{00388F58-C236-433A-AF71-F614A7492BE9}.Release|iPhoneSimulator.Build.0 = Release|Any CPU
		{00388F58-C236-433A-AF71-F614A7492BE9}.Test|Any CPU.ActiveCfg = Test|Any CPU
		{00388F58-C236-433A-AF71-F614A7492BE9}.Test|Any CPU.Build.0 = Test|Any CPU
		{00388F58-C236-433A-AF71-F614A7492BE9}.Test|iPhone.ActiveCfg = Test|Any CPU
		{00388F58-C236-433A-AF71-F614A7492BE9}.Test|iPhone.Build.0 = Test|Any CPU
		{00388F58-C236-433A-AF71-F614A7492BE9}.Test|iPhoneSimulator.ActiveCfg = Test|Any CPU
		{00388F58-C236-433A-AF71-F614A7492BE9}.Test|iPhoneSimulator.Build.0 = Test|Any CPU
		{9715C664-DCEB-4D39-9485-288B9FE428FD}.Debug|Any CPU.ActiveCfg = Debug|Any CPU
		{9715C664-DCEB-4D39-9485-288B9FE428FD}.Debug|Any CPU.Build.0 = Debug|Any CPU
		{9715C664-DCEB-4D39-9485-288B9FE428FD}.Debug|iPhone.ActiveCfg = Debug|Any CPU
		{9715C664-DCEB-4D39-9485-288B9FE428FD}.Debug|iPhone.Build.0 = Debug|Any CPU
		{9715C664-DCEB-4D39-9485-288B9FE428FD}.Debug|iPhoneSimulator.ActiveCfg = Debug|Any CPU
		{9715C664-DCEB-4D39-9485-288B9FE428FD}.Debug|iPhoneSimulator.Build.0 = Debug|Any CPU
		{9715C664-DCEB-4D39-9485-288B9FE428FD}.Release|Any CPU.ActiveCfg = Release|Any CPU
		{9715C664-DCEB-4D39-9485-288B9FE428FD}.Release|Any CPU.Build.0 = Release|Any CPU
		{9715C664-DCEB-4D39-9485-288B9FE428FD}.Release|iPhone.ActiveCfg = Release|Any CPU
		{9715C664-DCEB-4D39-9485-288B9FE428FD}.Release|iPhone.Build.0 = Release|Any CPU
		{9715C664-DCEB-4D39-9485-288B9FE428FD}.Release|iPhoneSimulator.ActiveCfg = Release|Any CPU
		{9715C664-DCEB-4D39-9485-288B9FE428FD}.Release|iPhoneSimulator.Build.0 = Release|Any CPU
		{9715C664-DCEB-4D39-9485-288B9FE428FD}.Test|Any CPU.ActiveCfg = Test|Any CPU
		{9715C664-DCEB-4D39-9485-288B9FE428FD}.Test|Any CPU.Build.0 = Test|Any CPU
		{9715C664-DCEB-4D39-9485-288B9FE428FD}.Test|iPhone.ActiveCfg = Test|Any CPU
		{9715C664-DCEB-4D39-9485-288B9FE428FD}.Test|iPhone.Build.0 = Test|Any CPU
		{9715C664-DCEB-4D39-9485-288B9FE428FD}.Test|iPhoneSimulator.ActiveCfg = Test|Any CPU
		{9715C664-DCEB-4D39-9485-288B9FE428FD}.Test|iPhoneSimulator.Build.0 = Test|Any CPU
		{3367B909-9FA4-4EB3-AE93-6C85B5112C00}.Debug|Any CPU.ActiveCfg = Debug|Any CPU
		{3367B909-9FA4-4EB3-AE93-6C85B5112C00}.Debug|Any CPU.Build.0 = Debug|Any CPU
		{3367B909-9FA4-4EB3-AE93-6C85B5112C00}.Debug|iPhone.ActiveCfg = Debug|Any CPU
		{3367B909-9FA4-4EB3-AE93-6C85B5112C00}.Debug|iPhone.Build.0 = Debug|Any CPU
		{3367B909-9FA4-4EB3-AE93-6C85B5112C00}.Debug|iPhoneSimulator.ActiveCfg = Debug|Any CPU
		{3367B909-9FA4-4EB3-AE93-6C85B5112C00}.Debug|iPhoneSimulator.Build.0 = Debug|Any CPU
		{3367B909-9FA4-4EB3-AE93-6C85B5112C00}.Release|Any CPU.ActiveCfg = Release|Any CPU
		{3367B909-9FA4-4EB3-AE93-6C85B5112C00}.Release|Any CPU.Build.0 = Release|Any CPU
		{3367B909-9FA4-4EB3-AE93-6C85B5112C00}.Release|iPhone.ActiveCfg = Release|Any CPU
		{3367B909-9FA4-4EB3-AE93-6C85B5112C00}.Release|iPhone.Build.0 = Release|Any CPU
		{3367B909-9FA4-4EB3-AE93-6C85B5112C00}.Release|iPhoneSimulator.ActiveCfg = Release|Any CPU
		{3367B909-9FA4-4EB3-AE93-6C85B5112C00}.Release|iPhoneSimulator.Build.0 = Release|Any CPU
		{3367B909-9FA4-4EB3-AE93-6C85B5112C00}.Test|Any CPU.ActiveCfg = Test|Any CPU
		{3367B909-9FA4-4EB3-AE93-6C85B5112C00}.Test|Any CPU.Build.0 = Test|Any CPU
		{3367B909-9FA4-4EB3-AE93-6C85B5112C00}.Test|iPhone.ActiveCfg = Test|Any CPU
		{3367B909-9FA4-4EB3-AE93-6C85B5112C00}.Test|iPhone.Build.0 = Test|Any CPU
		{3367B909-9FA4-4EB3-AE93-6C85B5112C00}.Test|iPhoneSimulator.ActiveCfg = Test|Any CPU
		{3367B909-9FA4-4EB3-AE93-6C85B5112C00}.Test|iPhoneSimulator.Build.0 = Test|Any CPU
	EndGlobalSection
	GlobalSection(SolutionProperties) = preSolution
		HideSolutionNode = FALSE
	EndGlobalSection
	GlobalSection(NestedProjects) = preSolution
		{5EF82DC4-25A8-4434-AD02-BD77F861BF34} = {4C6C8482-2018-4327-A180-5BC417B005C3}
		{7414F268-C502-4BA5-A1CC-5F2A4AAFA7DF} = {4C6C8482-2018-4327-A180-5BC417B005C3}
		{AA7E70A2-93F6-4346-8C03-74FFF6BE5929} = {099340F2-7B97-4247-83F3-4EAB1767A47A}
		{E29D9546-02B5-4833-9843-317083DEEC1D} = {099340F2-7B97-4247-83F3-4EAB1767A47A}
		{15D2874A-1192-44F7-B6AC-DCFE3A1FD16A} = {88F877D2-3091-4BE9-8DC4-B441A27310A1}
		{641A4569-50AA-4B8A-9189-1AB7703A78F5} = {88F877D2-3091-4BE9-8DC4-B441A27310A1}
		{00388F58-C236-433A-AF71-F614A7492BE9} = {D77C0ABD-2C9D-4AF6-BB4B-FA01927D6E18}
		{9715C664-DCEB-4D39-9485-288B9FE428FD} = {D77C0ABD-2C9D-4AF6-BB4B-FA01927D6E18}
	EndGlobalSection
	GlobalSection(ExtensibilityGlobals) = postSolution
		SolutionGuid = {E9B0BB07-64BA-4134-BD2D-8897A5E48E02}
	EndGlobalSection
EndGlobal
